
Microsoft Visual Studio Solution File, Format Version 12.00
# Visual Studio Version 17
VisualStudioVersion = 17.12.35707.178
MinimumVisualStudioVersion = 10.0.40219.1
Project("{FAE04EC0-301F-11D3-BF4B-00C04F79EFBC}") = "EShop.Api", "EShop.Api\EShop.Api.csproj", "{229E0809-530B-453A-B216-53ED33C874F8}"
EndProject
Project("{FAE04EC0-301F-11D3-BF4B-00C04F79EFBC}") = "EShop.Application", "EShop.Application\EShop.Application.csproj", "{CB9177DE-8B85-4743-9717-A0907FB517EF}"
EndProject
Project("{FAE04EC0-301F-11D3-BF4B-00C04F79EFBC}") = "EShop.Core", "EShop.Core\EShop.Core.csproj", "{36F5F72F-806B-4036-BCC3-CFCD354C21C6}"
EndProject
Project("{FAE04EC0-301F-11D3-BF4B-00C04F79EFBC}") = "EShop.Infrastructure", "EShop.Infrastructure\EShop.Infrastructure.csproj", "{F68BFCEC-ABFF-43C6-A212-EC5C5AEDC2C4}"
EndProject
Project("{FAE04EC0-301F-11D3-BF4B-00C04F79EFBC}") = "EShop.Tests", "EShop.Tests\EShop.Tests.csproj", "{E2FB66C9-BFD0-4137-8E9A-AED449CADD8C}"
EndProject
Global
	GlobalSection(SolutionConfigurationPlatforms) = preSolution
		Debug|Any CPU = Debug|Any CPU
		Release|Any CPU = Release|Any CPU
	EndGlobalSection
	GlobalSection(ProjectConfigurationPlatforms) = postSolution
		{229E0809-530B-453A-B216-53ED33C874F8}.Debug|Any CPU.ActiveCfg = Debug|Any CPU
		{229E0809-530B-453A-B216-53ED33C874F8}.Debug|Any CPU.Build.0 = Debug|Any CPU
		{229E0809-530B-453A-B216-53ED33C874F8}.Release|Any CPU.ActiveCfg = Release|Any CPU
		{229E0809-530B-453A-B216-53ED33C874F8}.Release|Any CPU.Build.0 = Release|Any CPU
		{CB9177DE-8B85-4743-9717-A0907FB517EF}.Debug|Any CPU.ActiveCfg = Debug|Any CPU
		{CB9177DE-8B85-4743-9717-A0907FB517EF}.Debug|Any CPU.Build.0 = Debug|Any CPU
		{CB9177DE-8B85-4743-9717-A0907FB517EF}.Release|Any CPU.ActiveCfg = Release|Any CPU
		{CB9177DE-8B85-4743-9717-A0907FB517EF}.Release|Any CPU.Build.0 = Release|Any CPU
		{36F5F72F-806B-4036-BCC3-CFCD354C21C6}.Debug|Any CPU.ActiveCfg = Debug|Any CPU
		{36F5F72F-806B-4036-BCC3-CFCD354C21C6}.Debug|Any CPU.Build.0 = Debug|Any CPU
		{36F5F72F-806B-4036-BCC3-CFCD354C21C6}.Release|Any CPU.ActiveCfg = Release|Any CPU
		{36F5F72F-806B-4036-BCC3-CFCD354C21C6}.Release|Any CPU.Build.0 = Release|Any CPU
		{F68BFCEC-ABFF-43C6-A212-EC5C5AEDC2C4}.Debug|Any CPU.ActiveCfg = Debug|Any CPU
		{F68BFCEC-ABFF-43C6-A212-EC5C5AEDC2C4}.Debug|Any CPU.Build.0 = Debug|Any CPU
		{F68BFCEC-ABFF-43C6-A212-EC5C5AEDC2C4}.Release|Any CPU.ActiveCfg = Release|Any CPU
		{F68BFCEC-ABFF-43C6-A212-EC5C5AEDC2C4}.Release|Any CPU.Build.0 = Release|Any CPU
		{E2FB66C9-BFD0-4137-8E9A-AED449CADD8C}.Debug|Any CPU.ActiveCfg = Debug|Any CPU
		{E2FB66C9-BFD0-4137-8E9A-AED449CADD8C}.Debug|Any CPU.Build.0 = Debug|Any CPU
		{E2FB66C9-BFD0-4137-8E9A-AED449CADD8C}.Release|Any CPU.ActiveCfg = Release|Any CPU
		{E2FB66C9-BFD0-4137-8E9A-AED449CADD8C}.Release|Any CPU.Build.0 = Release|Any CPU
	EndGlobalSection
	GlobalSection(SolutionProperties) = preSolution
		HideSolutionNode = FALSE
	EndGlobalSection
EndGlobal
